// !$*UTF8*$!
{
	archiveVersion = 1;
	classes = {
	};
	objectVersion = 56;
	objects = {

/* Begin PBXBuildFile section */
		F414B82F2974426700920088 /* AddBookmarkView.swift in Sources */ = {isa = PBXBuildFile; fileRef = F414B82E2974426700920088 /* AddBookmarkView.swift */; };
		F414B8312974430B00920088 /* AuthenticateView.swift in Sources */ = {isa = PBXBuildFile; fileRef = F414B8302974430B00920088 /* AuthenticateView.swift */; };
		F414B834297447C700920088 /* SwiftPinboard in Frameworks */ = {isa = PBXBuildFile; productRef = F414B833297447C700920088 /* SwiftPinboard */; };
		F46C24AA2972B3620034CD4E /* Pinboard_for_SafariApp.swift in Sources */ = {isa = PBXBuildFile; fileRef = F46C24A92972B3620034CD4E /* Pinboard_for_SafariApp.swift */; };
		F46C24AC2972B3620034CD4E /* ContentView.swift in Sources */ = {isa = PBXBuildFile; fileRef = F46C24AB2972B3620034CD4E /* ContentView.swift */; };
		F46C24AE2972B3620034CD4E /* Assets.xcassets in Resources */ = {isa = PBXBuildFile; fileRef = F46C24AD2972B3620034CD4E /* Assets.xcassets */; };
		F46C24B12972B3620034CD4E /* Preview Assets.xcassets in Resources */ = {isa = PBXBuildFile; fileRef = F46C24B02972B3620034CD4E /* Preview Assets.xcassets */; };
		F46C24E12972B74B0034CD4E /* SafariExtensionHandler.swift in Sources */ = {isa = PBXBuildFile; fileRef = F46C24E02972B74B0034CD4E /* SafariExtensionHandler.swift */; };
		F46C24E32972B74B0034CD4E /* SafariExtensionViewController.swift in Sources */ = {isa = PBXBuildFile; fileRef = F46C24E22972B74B0034CD4E /* SafariExtensionViewController.swift */; };
		F46C24E62972B74B0034CD4E /* script.js in Resources */ = {isa = PBXBuildFile; fileRef = F46C24E52972B74B0034CD4E /* script.js */; };
		F46C24E82972B74B0034CD4E /* ToolbarItemIcon.pdf in Resources */ = {isa = PBXBuildFile; fileRef = F46C24E72972B74B0034CD4E /* ToolbarItemIcon.pdf */; };
		F46C24F02972B74B0034CD4E /* Safari App Extension.appex in Embed Foundation Extensions */ = {isa = PBXBuildFile; fileRef = F46C24DE2972B74A0034CD4E /* Safari App Extension.appex */; settings = {ATTRIBUTES = (RemoveHeadersOnCopy, ); }; };
		F46C24F52972BBAB0034CD4E /* ContentView.swift in Sources */ = {isa = PBXBuildFile; fileRef = F46C24F42972BBAB0034CD4E /* ContentView.swift */; };
		F46C25112972C59A0034CD4E /* ViewModel.swift in Sources */ = {isa = PBXBuildFile; fileRef = F46C25102972C59A0034CD4E /* ViewModel.swift */; };
/* End PBXBuildFile section */

/* Begin PBXContainerItemProxy section */
		F46C24EE2972B74B0034CD4E /* PBXContainerItemProxy */ = {
			isa = PBXContainerItemProxy;
			containerPortal = F46C249E2972B3620034CD4E /* Project object */;
			proxyType = 1;
			remoteGlobalIDString = F46C24DD2972B74A0034CD4E;
			remoteInfo = "App Extension";
		};
/* End PBXContainerItemProxy section */

/* Begin PBXCopyFilesBuildPhase section */
		F46C24D92972B3770034CD4E /* Embed Foundation Extensions */ = {
			isa = PBXCopyFilesBuildPhase;
			buildActionMask = 2147483647;
			dstPath = "";
			dstSubfolderSpec = 13;
			files = (
				F46C24F02972B74B0034CD4E /* Safari App Extension.appex in Embed Foundation Extensions */,
			);
			name = "Embed Foundation Extensions";
			runOnlyForDeploymentPostprocessing = 0;
		};
/* End PBXCopyFilesBuildPhase section */

/* Begin PBXFileReference section */
		F414B82E2974426700920088 /* AddBookmarkView.swift */ = {isa = PBXFileReference; lastKnownFileType = sourcecode.swift; path = AddBookmarkView.swift; sourceTree = "<group>"; };
		F414B8302974430B00920088 /* AuthenticateView.swift */ = {isa = PBXFileReference; lastKnownFileType = sourcecode.swift; path = AuthenticateView.swift; sourceTree = "<group>"; };
		F414B832297447B800920088 /* SwiftPinboard */ = {isa = PBXFileReference; lastKnownFileType = wrapper; name = SwiftPinboard; path = ../../libs/SwiftPinboard; sourceTree = "<group>"; };
		F46C24A62972B3620034CD4E /* Pinboard for Safari.app */ = {isa = PBXFileReference; explicitFileType = wrapper.application; includeInIndex = 0; path = "Pinboard for Safari.app"; sourceTree = BUILT_PRODUCTS_DIR; };
		F46C24A92972B3620034CD4E /* Pinboard_for_SafariApp.swift */ = {isa = PBXFileReference; lastKnownFileType = sourcecode.swift; path = Pinboard_for_SafariApp.swift; sourceTree = "<group>"; };
		F46C24AB2972B3620034CD4E /* ContentView.swift */ = {isa = PBXFileReference; lastKnownFileType = sourcecode.swift; path = ContentView.swift; sourceTree = "<group>"; };
		F46C24AD2972B3620034CD4E /* Assets.xcassets */ = {isa = PBXFileReference; lastKnownFileType = folder.assetcatalog; path = Assets.xcassets; sourceTree = "<group>"; };
		F46C24B02972B3620034CD4E /* Preview Assets.xcassets */ = {isa = PBXFileReference; lastKnownFileType = folder.assetcatalog; path = "Preview Assets.xcassets"; sourceTree = "<group>"; };
		F46C24B22972B3620034CD4E /* Pinboard_for_Safari.entitlements */ = {isa = PBXFileReference; lastKnownFileType = text.plist.entitlements; path = Pinboard_for_Safari.entitlements; sourceTree = "<group>"; };
		F46C24DE2972B74A0034CD4E /* Safari App Extension.appex */ = {isa = PBXFileReference; explicitFileType = "wrapper.app-extension"; includeInIndex = 0; path = "Safari App Extension.appex"; sourceTree = BUILT_PRODUCTS_DIR; };
		F46C24E02972B74B0034CD4E /* SafariExtensionHandler.swift */ = {isa = PBXFileReference; lastKnownFileType = sourcecode.swift; path = SafariExtensionHandler.swift; sourceTree = "<group>"; };
		F46C24E22972B74B0034CD4E /* SafariExtensionViewController.swift */ = {isa = PBXFileReference; lastKnownFileType = sourcecode.swift; path = SafariExtensionViewController.swift; sourceTree = "<group>"; };
		F46C24E52972B74B0034CD4E /* script.js */ = {isa = PBXFileReference; lastKnownFileType = sourcecode.javascript; path = script.js; sourceTree = "<group>"; };
		F46C24E72972B74B0034CD4E /* ToolbarItemIcon.pdf */ = {isa = PBXFileReference; lastKnownFileType = image.pdf; path = ToolbarItemIcon.pdf; sourceTree = "<group>"; };
		F46C24EC2972B74B0034CD4E /* Info.plist */ = {isa = PBXFileReference; lastKnownFileType = text.plist.xml; path = Info.plist; sourceTree = "<group>"; };
		F46C24ED2972B74B0034CD4E /* App_Extension.entitlements */ = {isa = PBXFileReference; lastKnownFileType = text.plist.entitlements; path = App_Extension.entitlements; sourceTree = "<group>"; };
		F46C24F42972BBAB0034CD4E /* ContentView.swift */ = {isa = PBXFileReference; lastKnownFileType = sourcecode.swift; path = ContentView.swift; sourceTree = "<group>"; };
		F46C25102972C59A0034CD4E /* ViewModel.swift */ = {isa = PBXFileReference; lastKnownFileType = sourcecode.swift; path = ViewModel.swift; sourceTree = "<group>"; };
/* End PBXFileReference section */

/* Begin PBXFrameworksBuildPhase section */
		F46C24A32972B3620034CD4E /* Frameworks */ = {
			isa = PBXFrameworksBuildPhase;
			buildActionMask = 2147483647;
			files = (
			);
			runOnlyForDeploymentPostprocessing = 0;
		};
		F46C24DB2972B74A0034CD4E /* Frameworks */ = {
			isa = PBXFrameworksBuildPhase;
			buildActionMask = 2147483647;
			files = (
				F414B834297447C700920088 /* SwiftPinboard in Frameworks */,
			);
			runOnlyForDeploymentPostprocessing = 0;
		};
/* End PBXFrameworksBuildPhase section */

/* Begin PBXGroup section */
		F414B8282974316500920088 /* Packages */ = {
			isa = PBXGroup;
			children = (
				F414B832297447B800920088 /* SwiftPinboard */,
			);
			name = Packages;
			sourceTree = "<group>";
		};
		F414B82A297432B900920088 /* Frameworks */ = {
			isa = PBXGroup;
			children = (
			);
			name = Frameworks;
			sourceTree = "<group>";
		};
		F414B82D2974423D00920088 /* Views */ = {
			isa = PBXGroup;
			children = (
				F46C24F42972BBAB0034CD4E /* ContentView.swift */,
				F414B82E2974426700920088 /* AddBookmarkView.swift */,
				F414B8302974430B00920088 /* AuthenticateView.swift */,
			);
			path = Views;
			sourceTree = "<group>";
		};
		F46C249D2972B3620034CD4E = {
			isa = PBXGroup;
			children = (
				F414B8282974316500920088 /* Packages */,
				F46C24A82972B3620034CD4E /* Pinboard for Safari */,
				F46C24DF2972B74A0034CD4E /* App Extension */,
				F46C24A72972B3620034CD4E /* Products */,
				F414B82A297432B900920088 /* Frameworks */,
			);
			sourceTree = "<group>";
		};
		F46C24A72972B3620034CD4E /* Products */ = {
			isa = PBXGroup;
			children = (
				F46C24A62972B3620034CD4E /* Pinboard for Safari.app */,
				F46C24DE2972B74A0034CD4E /* Safari App Extension.appex */,
			);
			name = Products;
			sourceTree = "<group>";
		};
		F46C24A82972B3620034CD4E /* Pinboard for Safari */ = {
			isa = PBXGroup;
			children = (
				F46C24A92972B3620034CD4E /* Pinboard_for_SafariApp.swift */,
				F46C24AB2972B3620034CD4E /* ContentView.swift */,
				F46C24AD2972B3620034CD4E /* Assets.xcassets */,
				F46C24B22972B3620034CD4E /* Pinboard_for_Safari.entitlements */,
				F46C24AF2972B3620034CD4E /* Preview Content */,
			);
			path = "Pinboard for Safari";
			sourceTree = "<group>";
		};
		F46C24AF2972B3620034CD4E /* Preview Content */ = {
			isa = PBXGroup;
			children = (
				F46C24B02972B3620034CD4E /* Preview Assets.xcassets */,
			);
			path = "Preview Content";
			sourceTree = "<group>";
		};
		F46C24DF2972B74A0034CD4E /* App Extension */ = {
			isa = PBXGroup;
			children = (
				F46C24E02972B74B0034CD4E /* SafariExtensionHandler.swift */,
				F46C24E22972B74B0034CD4E /* SafariExtensionViewController.swift */,
				F414B82D2974423D00920088 /* Views */,
				F46C25102972C59A0034CD4E /* ViewModel.swift */,
				F46C24EC2972B74B0034CD4E /* Info.plist */,
				F46C24ED2972B74B0034CD4E /* App_Extension.entitlements */,
				F46C24E42972B74B0034CD4E /* Resources */,
			);
			path = "App Extension";
			sourceTree = "<group>";
		};
		F46C24E42972B74B0034CD4E /* Resources */ = {
			isa = PBXGroup;
			children = (
				F46C24E52972B74B0034CD4E /* script.js */,
				F46C24E72972B74B0034CD4E /* ToolbarItemIcon.pdf */,
			);
			path = Resources;
			sourceTree = "<group>";
		};
/* End PBXGroup section */

/* Begin PBXNativeTarget section */
		F46C24A52972B3620034CD4E /* Pinboard for Safari */ = {
			isa = PBXNativeTarget;
			buildConfigurationList = F46C24B52972B3620034CD4E /* Build configuration list for PBXNativeTarget "Pinboard for Safari" */;
			buildPhases = (
				F46C24A22972B3620034CD4E /* Sources */,
				F46C24A32972B3620034CD4E /* Frameworks */,
				F46C24A42972B3620034CD4E /* Resources */,
				F46C24D92972B3770034CD4E /* Embed Foundation Extensions */,
			);
			buildRules = (
			);
			dependencies = (
				F46C24EF2972B74B0034CD4E /* PBXTargetDependency */,
			);
			name = "Pinboard for Safari";
			productName = "Pinboard for Safari";
			productReference = F46C24A62972B3620034CD4E /* Pinboard for Safari.app */;
			productType = "com.apple.product-type.application";
		};
		F46C24DD2972B74A0034CD4E /* Safari App Extension */ = {
			isa = PBXNativeTarget;
			buildConfigurationList = F46C24F12972B74B0034CD4E /* Build configuration list for PBXNativeTarget "Safari App Extension" */;
			buildPhases = (
				F46C24DA2972B74A0034CD4E /* Sources */,
				F46C24DB2972B74A0034CD4E /* Frameworks */,
				F46C24DC2972B74A0034CD4E /* Resources */,
			);
			buildRules = (
			);
			dependencies = (
			);
			name = "Safari App Extension";
			packageProductDependencies = (
				F414B833297447C700920088 /* SwiftPinboard */,
			);
			productName = "App Extension";
			productReference = F46C24DE2972B74A0034CD4E /* Safari App Extension.appex */;
			productType = "com.apple.product-type.app-extension";
		};
/* End PBXNativeTarget section */

/* Begin PBXProject section */
		F46C249E2972B3620034CD4E /* Project object */ = {
			isa = PBXProject;
			attributes = {
				BuildIndependentTargetsInParallel = 1;
				LastSwiftUpdateCheck = 1420;
				LastUpgradeCheck = 1420;
				TargetAttributes = {
					F46C24A52972B3620034CD4E = {
						CreatedOnToolsVersion = 14.2;
					};
					F46C24DD2972B74A0034CD4E = {
						CreatedOnToolsVersion = 14.2;
					};
				};
			};
			buildConfigurationList = F46C24A12972B3620034CD4E /* Build configuration list for PBXProject "Pinboard for Safari" */;
			compatibilityVersion = "Xcode 14.0";
			developmentRegion = en;
			hasScannedForEncodings = 0;
			knownRegions = (
				en,
				Base,
			);
			mainGroup = F46C249D2972B3620034CD4E;
			productRefGroup = F46C24A72972B3620034CD4E /* Products */;
			projectDirPath = "";
			projectRoot = "";
			targets = (
				F46C24A52972B3620034CD4E /* Pinboard for Safari */,
				F46C24DD2972B74A0034CD4E /* Safari App Extension */,
			);
		};
/* End PBXProject section */

/* Begin PBXResourcesBuildPhase section */
		F46C24A42972B3620034CD4E /* Resources */ = {
			isa = PBXResourcesBuildPhase;
			buildActionMask = 2147483647;
			files = (
				F46C24B12972B3620034CD4E /* Preview Assets.xcassets in Resources */,
				F46C24AE2972B3620034CD4E /* Assets.xcassets in Resources */,
			);
			runOnlyForDeploymentPostprocessing = 0;
		};
		F46C24DC2972B74A0034CD4E /* Resources */ = {
			isa = PBXResourcesBuildPhase;
			buildActionMask = 2147483647;
			files = (
				F46C24E82972B74B0034CD4E /* ToolbarItemIcon.pdf in Resources */,
				F46C24E62972B74B0034CD4E /* script.js in Resources */,
			);
			runOnlyForDeploymentPostprocessing = 0;
		};
/* End PBXResourcesBuildPhase section */

/* Begin PBXSourcesBuildPhase section */
		F46C24A22972B3620034CD4E /* Sources */ = {
			isa = PBXSourcesBuildPhase;
			buildActionMask = 2147483647;
			files = (
				F46C24AC2972B3620034CD4E /* ContentView.swift in Sources */,
				F46C24AA2972B3620034CD4E /* Pinboard_for_SafariApp.swift in Sources */,
			);
			runOnlyForDeploymentPostprocessing = 0;
		};
		F46C24DA2972B74A0034CD4E /* Sources */ = {
			isa = PBXSourcesBuildPhase;
			buildActionMask = 2147483647;
			files = (
				F414B82F2974426700920088 /* AddBookmarkView.swift in Sources */,
				F46C25112972C59A0034CD4E /* ViewModel.swift in Sources */,
				F46C24E32972B74B0034CD4E /* SafariExtensionViewController.swift in Sources */,
				F46C24E12972B74B0034CD4E /* SafariExtensionHandler.swift in Sources */,
				F46C24F52972BBAB0034CD4E /* ContentView.swift in Sources */,
				F414B8312974430B00920088 /* AuthenticateView.swift in Sources */,
			);
			runOnlyForDeploymentPostprocessing = 0;
		};
/* End PBXSourcesBuildPhase section */

/* Begin PBXTargetDependency section */
		F46C24EF2972B74B0034CD4E /* PBXTargetDependency */ = {
			isa = PBXTargetDependency;
			target = F46C24DD2972B74A0034CD4E /* Safari App Extension */;
			targetProxy = F46C24EE2972B74B0034CD4E /* PBXContainerItemProxy */;
		};
/* End PBXTargetDependency section */

/* Begin XCBuildConfiguration section */
		F46C24B32972B3620034CD4E /* Debug */ = {
			isa = XCBuildConfiguration;
			buildSettings = {
				ALWAYS_SEARCH_USER_PATHS = NO;
				CLANG_ANALYZER_NONNULL = YES;
				CLANG_ANALYZER_NUMBER_OBJECT_CONVERSION = YES_AGGRESSIVE;
				CLANG_CXX_LANGUAGE_STANDARD = "gnu++20";
				CLANG_ENABLE_MODULES = YES;
				CLANG_ENABLE_OBJC_ARC = YES;
				CLANG_ENABLE_OBJC_WEAK = YES;
				CLANG_WARN_BLOCK_CAPTURE_AUTORELEASING = YES;
				CLANG_WARN_BOOL_CONVERSION = YES;
				CLANG_WARN_COMMA = YES;
				CLANG_WARN_CONSTANT_CONVERSION = YES;
				CLANG_WARN_DEPRECATED_OBJC_IMPLEMENTATIONS = YES;
				CLANG_WARN_DIRECT_OBJC_ISA_USAGE = YES_ERROR;
				CLANG_WARN_DOCUMENTATION_COMMENTS = YES;
				CLANG_WARN_EMPTY_BODY = YES;
				CLANG_WARN_ENUM_CONVERSION = YES;
				CLANG_WARN_INFINITE_RECURSION = YES;
				CLANG_WARN_INT_CONVERSION = YES;
				CLANG_WARN_NON_LITERAL_NULL_CONVERSION = YES;
				CLANG_WARN_OBJC_IMPLICIT_RETAIN_SELF = YES;
				CLANG_WARN_OBJC_LITERAL_CONVERSION = YES;
				CLANG_WARN_OBJC_ROOT_CLASS = YES_ERROR;
				CLANG_WARN_QUOTED_INCLUDE_IN_FRAMEWORK_HEADER = YES;
				CLANG_WARN_RANGE_LOOP_ANALYSIS = YES;
				CLANG_WARN_STRICT_PROTOTYPES = YES;
				CLANG_WARN_SUSPICIOUS_MOVE = YES;
				CLANG_WARN_UNGUARDED_AVAILABILITY = YES_AGGRESSIVE;
				CLANG_WARN_UNREACHABLE_CODE = YES;
				CLANG_WARN__DUPLICATE_METHOD_MATCH = YES;
				COPY_PHASE_STRIP = NO;
				DEBUG_INFORMATION_FORMAT = dwarf;
				ENABLE_STRICT_OBJC_MSGSEND = YES;
				ENABLE_TESTABILITY = YES;
				GCC_C_LANGUAGE_STANDARD = gnu11;
				GCC_DYNAMIC_NO_PIC = NO;
				GCC_NO_COMMON_BLOCKS = YES;
				GCC_OPTIMIZATION_LEVEL = 0;
				GCC_PREPROCESSOR_DEFINITIONS = (
					"DEBUG=1",
					"$(inherited)",
				);
				GCC_WARN_64_TO_32_BIT_CONVERSION = YES;
				GCC_WARN_ABOUT_RETURN_TYPE = YES_ERROR;
				GCC_WARN_UNDECLARED_SELECTOR = YES;
				GCC_WARN_UNINITIALIZED_AUTOS = YES_AGGRESSIVE;
				GCC_WARN_UNUSED_FUNCTION = YES;
				GCC_WARN_UNUSED_VARIABLE = YES;
				MACOSX_DEPLOYMENT_TARGET = 13.1;
				MTL_ENABLE_DEBUG_INFO = INCLUDE_SOURCE;
				MTL_FAST_MATH = YES;
				ONLY_ACTIVE_ARCH = YES;
				SDKROOT = macosx;
				SWIFT_ACTIVE_COMPILATION_CONDITIONS = DEBUG;
				SWIFT_OPTIMIZATION_LEVEL = "-Onone";
			};
			name = Debug;
		};
		F46C24B42972B3620034CD4E /* Release */ = {
			isa = XCBuildConfiguration;
			buildSettings = {
				ALWAYS_SEARCH_USER_PATHS = NO;
				CLANG_ANALYZER_NONNULL = YES;
				CLANG_ANALYZER_NUMBER_OBJECT_CONVERSION = YES_AGGRESSIVE;
				CLANG_CXX_LANGUAGE_STANDARD = "gnu++20";
				CLANG_ENABLE_MODULES = YES;
				CLANG_ENABLE_OBJC_ARC = YES;
				CLANG_ENABLE_OBJC_WEAK = YES;
				CLANG_WARN_BLOCK_CAPTURE_AUTORELEASING = YES;
				CLANG_WARN_BOOL_CONVERSION = YES;
				CLANG_WARN_COMMA = YES;
				CLANG_WARN_CONSTANT_CONVERSION = YES;
				CLANG_WARN_DEPRECATED_OBJC_IMPLEMENTATIONS = YES;
				CLANG_WARN_DIRECT_OBJC_ISA_USAGE = YES_ERROR;
				CLANG_WARN_DOCUMENTATION_COMMENTS = YES;
				CLANG_WARN_EMPTY_BODY = YES;
				CLANG_WARN_ENUM_CONVERSION = YES;
				CLANG_WARN_INFINITE_RECURSION = YES;
				CLANG_WARN_INT_CONVERSION = YES;
				CLANG_WARN_NON_LITERAL_NULL_CONVERSION = YES;
				CLANG_WARN_OBJC_IMPLICIT_RETAIN_SELF = YES;
				CLANG_WARN_OBJC_LITERAL_CONVERSION = YES;
				CLANG_WARN_OBJC_ROOT_CLASS = YES_ERROR;
				CLANG_WARN_QUOTED_INCLUDE_IN_FRAMEWORK_HEADER = YES;
				CLANG_WARN_RANGE_LOOP_ANALYSIS = YES;
				CLANG_WARN_STRICT_PROTOTYPES = YES;
				CLANG_WARN_SUSPICIOUS_MOVE = YES;
				CLANG_WARN_UNGUARDED_AVAILABILITY = YES_AGGRESSIVE;
				CLANG_WARN_UNREACHABLE_CODE = YES;
				CLANG_WARN__DUPLICATE_METHOD_MATCH = YES;
				COPY_PHASE_STRIP = NO;
				DEBUG_INFORMATION_FORMAT = "dwarf-with-dsym";
				ENABLE_NS_ASSERTIONS = NO;
				ENABLE_STRICT_OBJC_MSGSEND = YES;
				GCC_C_LANGUAGE_STANDARD = gnu11;
				GCC_NO_COMMON_BLOCKS = YES;
				GCC_WARN_64_TO_32_BIT_CONVERSION = YES;
				GCC_WARN_ABOUT_RETURN_TYPE = YES_ERROR;
				GCC_WARN_UNDECLARED_SELECTOR = YES;
				GCC_WARN_UNINITIALIZED_AUTOS = YES_AGGRESSIVE;
				GCC_WARN_UNUSED_FUNCTION = YES;
				GCC_WARN_UNUSED_VARIABLE = YES;
				MACOSX_DEPLOYMENT_TARGET = 13.1;
				MTL_ENABLE_DEBUG_INFO = NO;
				MTL_FAST_MATH = YES;
				SDKROOT = macosx;
				SWIFT_COMPILATION_MODE = wholemodule;
				SWIFT_OPTIMIZATION_LEVEL = "-O";
			};
			name = Release;
		};
		F46C24B62972B3620034CD4E /* Debug */ = {
			isa = XCBuildConfiguration;
			buildSettings = {
				ALWAYS_EMBED_SWIFT_STANDARD_LIBRARIES = YES;
				ASSETCATALOG_COMPILER_APPICON_NAME = AppIcon;
				ASSETCATALOG_COMPILER_GLOBAL_ACCENT_COLOR_NAME = AccentColor;
				CODE_SIGN_ENTITLEMENTS = "Pinboard for Safari/Pinboard_for_Safari.entitlements";
				CODE_SIGN_STYLE = Automatic;
				COMBINE_HIDPI_IMAGES = YES;
				CURRENT_PROJECT_VERSION = 1;
				DEVELOPMENT_ASSET_PATHS = "\"Pinboard for Safari/Preview Content\"";
				DEVELOPMENT_TEAM = VW9QM42U4U;
				ENABLE_HARDENED_RUNTIME = YES;
				ENABLE_PREVIEWS = YES;
				GENERATE_INFOPLIST_FILE = YES;
				INFOPLIST_KEY_NSHumanReadableCopyright = "";
				LD_RUNPATH_SEARCH_PATHS = (
					"$(inherited)",
					"@executable_path/../Frameworks",
				);
				MARKETING_VERSION = 1.0;
				PRODUCT_BUNDLE_IDENTIFIER = "org.netcetera.Pinboard-for-Safari";
				PRODUCT_NAME = "$(TARGET_NAME)";
				SWIFT_EMIT_LOC_STRINGS = YES;
				SWIFT_VERSION = 5.0;
			};
			name = Debug;
		};
		F46C24B72972B3620034CD4E /* Release */ = {
			isa = XCBuildConfiguration;
			buildSettings = {
				ALWAYS_EMBED_SWIFT_STANDARD_LIBRARIES = YES;
				ASSETCATALOG_COMPILER_APPICON_NAME = AppIcon;
				ASSETCATALOG_COMPILER_GLOBAL_ACCENT_COLOR_NAME = AccentColor;
				CODE_SIGN_ENTITLEMENTS = "Pinboard for Safari/Pinboard_for_Safari.entitlements";
				CODE_SIGN_STYLE = Automatic;
				COMBINE_HIDPI_IMAGES = YES;
				CURRENT_PROJECT_VERSION = 1;
				DEVELOPMENT_ASSET_PATHS = "\"Pinboard for Safari/Preview Content\"";
				DEVELOPMENT_TEAM = VW9QM42U4U;
				ENABLE_HARDENED_RUNTIME = YES;
				ENABLE_PREVIEWS = YES;
				GENERATE_INFOPLIST_FILE = YES;
				INFOPLIST_KEY_NSHumanReadableCopyright = "";
				LD_RUNPATH_SEARCH_PATHS = (
					"$(inherited)",
					"@executable_path/../Frameworks",
				);
				MARKETING_VERSION = 1.0;
				PRODUCT_BUNDLE_IDENTIFIER = "org.netcetera.Pinboard-for-Safari";
				PRODUCT_NAME = "$(TARGET_NAME)";
				SWIFT_EMIT_LOC_STRINGS = YES;
				SWIFT_VERSION = 5.0;
			};
			name = Release;
		};
		F46C24F22972B74B0034CD4E /* Debug */ = {
			isa = XCBuildConfiguration;
			buildSettings = {
				CODE_SIGN_ENTITLEMENTS = "App Extension/App_Extension.entitlements";
				CODE_SIGN_STYLE = Automatic;
				CURRENT_PROJECT_VERSION = 1;
				DEVELOPMENT_TEAM = VW9QM42U4U;
				ENABLE_HARDENED_RUNTIME = YES;
				GENERATE_INFOPLIST_FILE = YES;
				INFOPLIST_FILE = "App Extension/Info.plist";
				INFOPLIST_KEY_CFBundleDisplayName = "Add to Pinboard";
				INFOPLIST_KEY_NSHumanReadableCopyright = "";
				LD_RUNPATH_SEARCH_PATHS = (
					"$(inherited)",
					"@executable_path/../Frameworks",
					"@executable_path/../../../../Frameworks",
				);
				MACOSX_DEPLOYMENT_TARGET = 12.0;
				MARKETING_VERSION = 1.0;
				OTHER_LDFLAGS = (
					"-framework",
					SafariServices,
				);
				PRODUCT_BUNDLE_IDENTIFIER = "org.netcetera.Pinboard-for-Safari.App-Extension";
				PRODUCT_NAME = "$(TARGET_NAME)";
				SKIP_INSTALL = YES;
				SWIFT_EMIT_LOC_STRINGS = YES;
				SWIFT_VERSION = 5.0;
			};
			name = Debug;
		};
		F46C24F32972B74B0034CD4E /* Release */ = {
			isa = XCBuildConfiguration;
			buildSettings = {
				CODE_SIGN_ENTITLEMENTS = "App Extension/App_Extension.entitlements";
				CODE_SIGN_STYLE = Automatic;
				CURRENT_PROJECT_VERSION = 1;
				DEVELOPMENT_TEAM = VW9QM42U4U;
				ENABLE_HARDENED_RUNTIME = YES;
				GENERATE_INFOPLIST_FILE = YES;
				INFOPLIST_FILE = "App Extension/Info.plist";
				INFOPLIST_KEY_CFBundleDisplayName = "Add to Pinboard";
				INFOPLIST_KEY_NSHumanReadableCopyright = "";
				LD_RUNPATH_SEARCH_PATHS = (
					"$(inherited)",
					"@executable_path/../Frameworks",
					"@executable_path/../../../../Frameworks",
				);
				MACOSX_DEPLOYMENT_TARGET = 12.0;
				MARKETING_VERSION = 1.0;
				OTHER_LDFLAGS = (
					"-framework",
					SafariServices,
				);
				PRODUCT_BUNDLE_IDENTIFIER = "org.netcetera.Pinboard-for-Safari.App-Extension";
				PRODUCT_NAME = "$(TARGET_NAME)";
				SKIP_INSTALL = YES;
				SWIFT_EMIT_LOC_STRINGS = YES;
				SWIFT_VERSION = 5.0;
			};
			name = Release;
		};
/* End XCBuildConfiguration section */

/* Begin XCConfigurationList section */
		F46C24A12972B3620034CD4E /* Build configuration list for PBXProject "Pinboard for Safari" */ = {
			isa = XCConfigurationList;
			buildConfigurations = (
				F46C24B32972B3620034CD4E /* Debug */,
				F46C24B42972B3620034CD4E /* Release */,
			);
			defaultConfigurationIsVisible = 0;
			defaultConfigurationName = Release;
		};
		F46C24B52972B3620034CD4E /* Build configuration list for PBXNativeTarget "Pinboard for Safari" */ = {
			isa = XCConfigurationList;
			buildConfigurations = (
				F46C24B62972B3620034CD4E /* Debug */,
				F46C24B72972B3620034CD4E /* Release */,
			);
			defaultConfigurationIsVisible = 0;
			defaultConfigurationName = Release;
		};
		F46C24F12972B74B0034CD4E /* Build configuration list for PBXNativeTarget "Safari App Extension" */ = {
			isa = XCConfigurationList;
			buildConfigurations = (
				F46C24F22972B74B0034CD4E /* Debug */,
				F46C24F32972B74B0034CD4E /* Release */,
			);
			defaultConfigurationIsVisible = 0;
			defaultConfigurationName = Release;
		};
/* End XCConfigurationList section */

/* Begin XCSwiftPackageProductDependency section */
		F414B833297447C700920088 /* SwiftPinboard */ = {
			isa = XCSwiftPackageProductDependency;
			productName = SwiftPinboard;
		};
/* End XCSwiftPackageProductDependency section */
	};
	rootObject = F46C249E2972B3620034CD4E /* Project object */;
}
